// !$*UTF8*$!
{
	archiveVersion = 1;
	classes = {
	};
	objectVersion = 46;
	objects = {

/* Begin PBXBuildFile section */
		B8ABDD311A690991004AA17E /* main.m in Sources */ = {isa = PBXBuildFile; fileRef = B8ABDD301A690991004AA17E /* main.m */; };
		B8ABDD341A690991004AA17E /* AppDelegate.m in Sources */ = {isa = PBXBuildFile; fileRef = B8ABDD331A690991004AA17E /* AppDelegate.m */; };
		B8ABDD371A690991004AA17E /* ViewController.m in Sources */ = {isa = PBXBuildFile; fileRef = B8ABDD361A690991004AA17E /* ViewController.m */; };
		B8ABDD3A1A690991004AA17E /* Main.storyboard in Resources */ = {isa = PBXBuildFile; fileRef = B8ABDD381A690991004AA17E /* Main.storyboard */; };
		B8ABDD3C1A690991004AA17E /* Images.xcassets in Resources */ = {isa = PBXBuildFile; fileRef = B8ABDD3B1A690991004AA17E /* Images.xcassets */; };
		B8ABDD3F1A690991004AA17E /* LaunchScreen.xib in Resources */ = {isa = PBXBuildFile; fileRef = B8ABDD3D1A690991004AA17E /* LaunchScreen.xib */; };
		B8ABDD4B1A690991004AA17E /* iConsoleDemoTests.m in Sources */ = {isa = PBXBuildFile; fileRef = B8ABDD4A1A690991004AA17E /* iConsoleDemoTests.m */; };
/* End PBXBuildFile section */

/* Begin PBXContainerItemProxy section */
		B8ABDD451A690991004AA17E /* PBXContainerItemProxy */ = {
			isa = PBXContainerItemProxy;
			containerPortal = B8ABDD231A690991004AA17E /* Project object */;
			proxyType = 1;
			remoteGlobalIDString = B8ABDD2A1A690991004AA17E;
			remoteInfo = iConsoleDemo;
		};
/* End PBXContainerItemProxy section */

/* Begin PBXFileReference section */
		B8ABDD2B1A690991004AA17E /* iConsoleDemo.app */ = {isa = PBXFileReference; explicitFileType = wrapper.application; includeInIndex = 0; path = iConsoleDemo.app; sourceTree = BUILT_PRODUCTS_DIR; };
		B8ABDD2F1A690991004AA17E /* Info.plist */ = {isa = PBXFileReference; lastKnownFileType = text.plist.xml; path = Info.plist; sourceTree = "<group>"; };
		B8ABDD301A690991004AA17E /* main.m */ = {isa = PBXFileReference; lastKnownFileType = sourcecode.c.objc; path = main.m; sourceTree = "<group>"; };
		B8ABDD321A690991004AA17E /* AppDelegate.h */ = {isa = PBXFileReference; lastKnownFileType = sourcecode.c.h; path = AppDelegate.h; sourceTree = "<group>"; };
		B8ABDD331A690991004AA17E /* AppDelegate.m */ = {isa = PBXFileReference; lastKnownFileType = sourcecode.c.objc; path = AppDelegate.m; sourceTree = "<group>"; };
		B8ABDD351A690991004AA17E /* ViewController.h */ = {isa = PBXFileReference; lastKnownFileType = sourcecode.c.h; path = ViewController.h; sourceTree = "<group>"; };
		B8ABDD361A690991004AA17E /* ViewController.m */ = {isa = PBXFileReference; lastKnownFileType = sourcecode.c.objc; path = ViewController.m; sourceTree = "<group>"; };
		B8ABDD391A690991004AA17E /* Base */ = {isa = PBXFileReference; lastKnownFileType = file.storyboard; name = Base; path = Base.lproj/Main.storyboard; sourceTree = "<group>"; };
		B8ABDD3B1A690991004AA17E /* Images.xcassets */ = {isa = PBXFileReference; lastKnownFileType = folder.assetcatalog; path = Images.xcassets; sourceTree = "<group>"; };
		B8ABDD3E1A690991004AA17E /* Base */ = {isa = PBXFileReference; lastKnownFileType = file.xib; name = Base; path = Base.lproj/LaunchScreen.xib; sourceTree = "<group>"; };
		B8ABDD441A690991004AA17E /* iConsoleDemoTests.xctest */ = {isa = PBXFileReference; explicitFileType = wrapper.cfbundle; includeInIndex = 0; path = iConsoleDemoTests.xctest; sourceTree = BUILT_PRODUCTS_DIR; };
		B8ABDD491A690991004AA17E /* Info.plist */ = {isa = PBXFileReference; lastKnownFileType = text.plist.xml; path = Info.plist; sourceTree = "<group>"; };
		B8ABDD4A1A690991004AA17E /* iConsoleDemoTests.m */ = {isa = PBXFileReference; lastKnownFileType = sourcecode.c.objc; path = iConsoleDemoTests.m; sourceTree = "<group>"; };
/* End PBXFileReference section */

/* Begin PBXFrameworksBuildPhase section */
		B8ABDD281A690991004AA17E /* Frameworks */ = {
			isa = PBXFrameworksBuildPhase;
			buildActionMask = 2147483647;
			files = (
			);
			runOnlyForDeploymentPostprocessing = 0;
		};
		B8ABDD411A690991004AA17E /* Frameworks */ = {
			isa = PBXFrameworksBuildPhase;
			buildActionMask = 2147483647;
			files = (
			);
			runOnlyForDeploymentPostprocessing = 0;
		};
/* End PBXFrameworksBuildPhase section */

/* Begin PBXGroup section */
		B8ABDD221A690991004AA17E = {
			isa = PBXGroup;
			children = (
				B8ABDD2D1A690991004AA17E /* iConsoleDemo */,
				B8ABDD471A690991004AA17E /* iConsoleDemoTests */,
				B8ABDD2C1A690991004AA17E /* Products */,
			);
			sourceTree = "<group>";
		};
		B8ABDD2C1A690991004AA17E /* Products */ = {
			isa = PBXGroup;
			children = (
				B8ABDD2B1A690991004AA17E /* iConsoleDemo.app */,
				B8ABDD441A690991004AA17E /* iConsoleDemoTests.xctest */,
			);
			name = Products;
			sourceTree = "<group>";
		};
		B8ABDD2D1A690991004AA17E /* iConsoleDemo */ = {
			isa = PBXGroup;
			children = (
				B8ABDD321A690991004AA17E /* AppDelegate.h */,
				B8ABDD331A690991004AA17E /* AppDelegate.m */,
				B8ABDD351A690991004AA17E /* ViewController.h */,
				B8ABDD361A690991004AA17E /* ViewController.m */,
				B8ABDD381A690991004AA17E /* Main.storyboard */,
				B8ABDD3B1A690991004AA17E /* Images.xcassets */,
				B8ABDD3D1A690991004AA17E /* LaunchScreen.xib */,
				B8ABDD2E1A690991004AA17E /* Supporting Files */,
			);
			path = iConsoleDemo;
			sourceTree = "<group>";
		};
		B8ABDD2E1A690991004AA17E /* Supporting Files */ = {
			isa = PBXGroup;
			children = (
				B8ABDD2F1A690991004AA17E /* Info.plist */,
				B8ABDD301A690991004AA17E /* main.m */,
			);
			name = "Supporting Files";
			sourceTree = "<group>";
		};
		B8ABDD471A690991004AA17E /* iConsoleDemoTests */ = {
			isa = PBXGroup;
			children = (
				B8ABDD4A1A690991004AA17E /* iConsoleDemoTests.m */,
				B8ABDD481A690991004AA17E /* Supporting Files */,
			);
			path = iConsoleDemoTests;
			sourceTree = "<group>";
		};
		B8ABDD481A690991004AA17E /* Supporting Files */ = {
			isa = PBXGroup;
			children = (
				B8ABDD491A690991004AA17E /* Info.plist */,
			);
			name = "Supporting Files";
			sourceTree = "<group>";
		};
/* End PBXGroup section */

/* Begin PBXNativeTarget section */
		B8ABDD2A1A690991004AA17E /* iConsoleDemo */ = {
			isa = PBXNativeTarget;
			buildConfigurationList = B8ABDD4E1A690991004AA17E /* Build configuration list for PBXNativeTarget "iConsoleDemo" */;
			buildPhases = (
				B8ABDD271A690991004AA17E /* Sources */,
				B8ABDD281A690991004AA17E /* Frameworks */,
				B8ABDD291A690991004AA17E /* Resources */,
			);
			buildRules = (
			);
			dependencies = (
			);
			name = iConsoleDemo;
			productName = iConsoleDemo;
			productReference = B8ABDD2B1A690991004AA17E /* iConsoleDemo.app */;
			productType = "com.apple.product-type.application";
		};
		B8ABDD431A690991004AA17E /* iConsoleDemoTests */ = {
			isa = PBXNativeTarget;
			buildConfigurationList = B8ABDD511A690991004AA17E /* Build configuration list for PBXNativeTarget "iConsoleDemoTests" */;
			buildPhases = (
				B8ABDD401A690991004AA17E /* Sources */,
				B8ABDD411A690991004AA17E /* Frameworks */,
				B8ABDD421A690991004AA17E /* Resources */,
			);
			buildRules = (
			);
			dependencies = (
				B8ABDD461A690991004AA17E /* PBXTargetDependency */,
			);
			name = iConsoleDemoTests;
			productName = iConsoleDemoTests;
			productReference = B8ABDD441A690991004AA17E /* iConsoleDemoTests.xctest */;
			productType = "com.apple.product-type.bundle.unit-test";
		};
/* End PBXNativeTarget section */

/* Begin PBXProject section */
		B8ABDD231A690991004AA17E /* Project object */ = {
			isa = PBXProject;
			attributes = {
				LastUpgradeCheck = 0610;
				ORGANIZATIONNAME = "Wild Yaoyao";
				TargetAttributes = {
					B8ABDD2A1A690991004AA17E = {
						CreatedOnToolsVersion = 6.1;
					};
					B8ABDD431A690991004AA17E = {
						CreatedOnToolsVersion = 6.1;
						TestTargetID = B8ABDD2A1A690991004AA17E;
					};
				};
			};
			buildConfigurationList = B8ABDD261A690991004AA17E /* Build configuration list for PBXProject "iConsoleDemo" */;
			compatibilityVersion = "Xcode 3.2";
			developmentRegion = English;
			hasScannedForEncodings = 0;
			knownRegions = (
				en,
				Base,
			);
			mainGroup = B8ABDD221A690991004AA17E;
			productRefGroup = B8ABDD2C1A690991004AA17E /* Products */;
			projectDirPath = "";
			projectRoot = "";
			targets = (
				B8ABDD2A1A690991004AA17E /* iConsoleDemo */,
				B8ABDD431A690991004AA17E /* iConsoleDemoTests */,
			);
		};
/* End PBXProject section */

/* Begin PBXResourcesBuildPhase section */
		B8ABDD291A690991004AA17E /* Resources */ = {
			isa = PBXResourcesBuildPhase;
			buildActionMask = 2147483647;
			files = (
				B8ABDD3A1A690991004AA17E /* Main.storyboard in Resources */,
				B8ABDD3F1A690991004AA17E /* LaunchScreen.xib in Resources */,
				B8ABDD3C1A690991004AA17E /* Images.xcassets in Resources */,
			);
			runOnlyForDeploymentPostprocessing = 0;
		};
		B8ABDD421A690991004AA17E /* Resources */ = {
			isa = PBXResourcesBuildPhase;
			buildActionMask = 2147483647;
			files = (
			);
			runOnlyForDeploymentPostprocessing = 0;
		};
/* End PBXResourcesBuildPhase section */

/* Begin PBXSourcesBuildPhase section */
		B8ABDD271A690991004AA17E /* Sources */ = {
			isa = PBXSourcesBuildPhase;
			buildActionMask = 2147483647;
			files = (
				B8ABDD371A690991004AA17E /* ViewController.m in Sources */,
				B8ABDD341A690991004AA17E /* AppDelegate.m in Sources */,
				B8ABDD311A690991004AA17E /* main.m in Sources */,
			);
			runOnlyForDeploymentPostprocessing = 0;
		};
		B8ABDD401A690991004AA17E /* Sources */ = {
			isa = PBXSourcesBuildPhase;
			buildActionMask = 2147483647;
			files = (
				B8ABDD4B1A690991004AA17E /* iConsoleDemoTests.m in Sources */,
			);
			runOnlyForDeploymentPostprocessing = 0;
		};
/* End PBXSourcesBuildPhase section */

/* Begin PBXTargetDependency section */
		B8ABDD461A690991004AA17E /* PBXTargetDependency */ = {
			isa = PBXTargetDependency;
			target = B8ABDD2A1A690991004AA17E /* iConsoleDemo */;
			targetProxy = B8ABDD451A690991004AA17E /* PBXContainerItemProxy */;
		};
/* End PBXTargetDependency section */

/* Begin PBXVariantGroup section */
		B8ABDD381A690991004AA17E /* Main.storyboard */ = {
			isa = PBXVariantGroup;
			children = (
				B8ABDD391A690991004AA17E /* Base */,
			);
			name = Main.storyboard;
			sourceTree = "<group>";
		};
		B8ABDD3D1A690991004AA17E /* LaunchScreen.xib */ = {
			isa = PBXVariantGroup;
			children = (
				B8ABDD3E1A690991004AA17E /* Base */,
			);
			name = LaunchScreen.xib;
			sourceTree = "<group>";
		};
/* End PBXVariantGroup section */

/* Begin XCBuildConfiguration section */
		B8ABDD4C1A690991004AA17E /* Debug */ = {
			isa = XCBuildConfiguration;
			buildSettings = {
				ALWAYS_SEARCH_USER_PATHS = NO;
				CLANG_CXX_LANGUAGE_STANDARD = "gnu++0x";
				CLANG_CXX_LIBRARY = "libc++";
				CLANG_ENABLE_MODULES = YES;
				CLANG_ENABLE_OBJC_ARC = YES;
				CLANG_WARN_BOOL_CONVERSION = YES;
				CLANG_WARN_CONSTANT_CONVERSION = YES;
				CLANG_WARN_DIRECT_OBJC_ISA_USAGE = YES_ERROR;
				CLANG_WARN_EMPTY_BODY = YES;
				CLANG_WARN_ENUM_CONVERSION = YES;
				CLANG_WARN_INT_CONVERSION = YES;
				CLANG_WARN_OBJC_ROOT_CLASS = YES_ERROR;
				CLANG_WARN_UNREACHABLE_CODE = YES;
				CLANG_WARN__DUPLICATE_METHOD_MATCH = YES;
				"CODE_SIGN_IDENTITY[sdk=iphoneos*]" = "iPhone Developer";
				COPY_PHASE_STRIP = NO;
				ENABLE_STRICT_OBJC_MSGSEND = YES;
				GCC_C_LANGUAGE_STANDARD = gnu99;
				GCC_DYNAMIC_NO_PIC = NO;
				GCC_OPTIMIZATION_LEVEL = 0;
				GCC_PREPROCESSOR_DEFINITIONS = (
					"DEBUG=1",
					"$(inherited)",
				);
				GCC_SYMBOLS_PRIVATE_EXTERN = NO;
				GCC_WARN_64_TO_32_BIT_CONVERSION = YES;
				GCC_WARN_ABOUT_RETURN_TYPE = YES_ERROR;
				GCC_WARN_UNDECLARED_SELECTOR = YES;
				GCC_WARN_UNINITIALIZED_AUTOS = YES_AGGRESSIVE;
				GCC_WARN_UNUSED_FUNCTION = YES;
				GCC_WARN_UNUSED_VARIABLE = YES;
				IPHONEOS_DEPLOYMENT_TARGET = 8.1;
				MTL_ENABLE_DEBUG_INFO = YES;
				ONLY_ACTIVE_ARCH = YES;
				SDKROOT = iphoneos;
			};
			name = Debug;
		};
		B8ABDD4D1A690991004AA17E /* Release */ = {
			isa = XCBuildConfiguration;
			buildSettings = {
				ALWAYS_SEARCH_USER_PATHS = NO;
				CLANG_CXX_LANGUAGE_STANDARD = "gnu++0x";
				CLANG_CXX_LIBRARY = "libc++";
				CLANG_ENABLE_MODULES = YES;
				CLANG_ENABLE_OBJC_ARC = YES;
				CLANG_WARN_BOOL_CONVERSION = YES;
				CLANG_WARN_CONSTANT_CONVERSION = YES;
				CLANG_WARN_DIRECT_OBJC_ISA_USAGE = YES_ERROR;
				CLANG_WARN_EMPTY_BODY = YES;
				CLANG_WARN_ENUM_CONVERSION = YES;
				CLANG_WARN_INT_CONVERSION = YES;
				CLANG_WARN_OBJC_ROOT_CLASS = YES_ERROR;
				CLANG_WARN_UNREACHABLE_CODE = YES;
				CLANG_WARN__DUPLICATE_METHOD_MATCH = YES;
				"CODE_SIGN_IDENTITY[sdk=iphoneos*]" = "iPhone Developer";
				COPY_PHASE_STRIP = YES;
				ENABLE_NS_ASSERTIONS = NO;
				ENABLE_STRICT_OBJC_MSGSEND = YES;
				GCC_C_LANGUAGE_STANDARD = gnu99;
				GCC_WARN_64_TO_32_BIT_CONVERSION = YES;
				GCC_WARN_ABOUT_RETURN_TYPE = YES_ERROR;
				GCC_WARN_UNDECLARED_SELECTOR = YES;
				GCC_WARN_UNINITIALIZED_AUTOS = YES_AGGRESSIVE;
				GCC_WARN_UNUSED_FUNCTION = YES;
				GCC_WARN_UNUSED_VARIABLE = YES;
				IPHONEOS_DEPLOYMENT_TARGET = 8.1;
				MTL_ENABLE_DEBUG_INFO = NO;
				SDKROOT = iphoneos;
				VALIDATE_PRODUCT = YES;
			};
			name = Release;
		};
		B8ABDD4F1A690991004AA17E /* Debug */ = {
			isa = XCBuildConfiguration;
			buildSettings = {
				ASSETCATALOG_COMPILER_APPICON_NAME = AppIcon;
				INFOPLIST_FILE = iConsoleDemo/Info.plist;
				LD_RUNPATH_SEARCH_PATHS = "$(inherited) @executable_path/Frameworks";
				PRODUCT_NAME = "$(TARGET_NAME)";
			};
			name = Debug;
		};
		B8ABDD501A690991004AA17E /* Release */ = {
			isa = XCBuildConfiguration;
			buildSettings = {
				ASSETCATALOG_COMPILER_APPICON_NAME = AppIcon;
				INFOPLIST_FILE = iConsoleDemo/Info.plist;
				LD_RUNPATH_SEARCH_PATHS = "$(inherited) @executable_path/Frameworks";
				PRODUCT_NAME = "$(TARGET_NAME)";
			};
			name = Release;
		};
		B8ABDD521A690991004AA17E /* Debug */ = {
			isa = XCBuildConfiguration;
			buildSettings = {
				BUNDLE_LOADER = "$(TEST_HOST)";
				FRAMEWORK_SEARCH_PATHS = (
					"$(SDKROOT)/Developer/Library/Frameworks",
					"$(inherited)",
				);
				GCC_PREPROCESSOR_DEFINITIONS = (
					"DEBUG=1",
					"$(inherited)",
				);
				INFOPLIST_FILE = iConsoleDemoTests/Info.plist;
				LD_RUNPATH_SEARCH_PATHS = "$(inherited) @executable_path/Frameworks @loader_path/Frameworks";
				PRODUCT_NAME = "$(TARGET_NAME)";
				TEST_HOST = "$(BUILT_PRODUCTS_DIR)/iConsoleDemo.app/iConsoleDemo";
			};
			name = Debug;
		};
		B8ABDD531A690991004AA17E /* Release */ = {
			isa = XCBuildConfiguration;
			buildSettings = {
				BUNDLE_LOADER = "$(TEST_HOST)";
				FRAMEWORK_SEARCH_PATHS = (
					"$(SDKROOT)/Developer/Library/Frameworks",
					"$(inherited)",
				);
				INFOPLIST_FILE = iConsoleDemoTests/Info.plist;
				LD_RUNPATH_SEARCH_PATHS = "$(inherited) @executable_path/Frameworks @loader_path/Frameworks";
				PRODUCT_NAME = "$(TARGET_NAME)";
				TEST_HOST = "$(BUILT_PRODUCTS_DIR)/iConsoleDemo.app/iConsoleDemo";
			};
			name = Release;
		};
/* End XCBuildConfiguration section */

/* Begin XCConfigurationList section */
		B8ABDD261A690991004AA17E /* Build configuration list for PBXProject "iConsoleDemo" */ = {
			isa = XCConfigurationList;
			buildConfigurations = (
				B8ABDD4C1A690991004AA17E /* Debug */,
				B8ABDD4D1A690991004AA17E /* Release */,
			);
			defaultConfigurationIsVisible = 0;
			defaultConfigurationName = Release;
		};
		B8ABDD4E1A690991004AA17E /* Build configuration list for PBXNativeTarget "iConsoleDemo" */ = {
			isa = XCConfigurationList;
			buildConfigurations = (
				B8ABDD4F1A690991004AA17E /* Debug */,
				B8ABDD501A690991004AA17E /* Release */,
			);
			defaultConfigurationIsVisible = 0;
		};
		B8ABDD511A690991004AA17E /* Build configuration list for PBXNativeTarget "iConsoleDemoTests" */ = {
			isa = XCConfigurationList;
			buildConfigurations = (
				B8ABDD521A690991004AA17E /* Debug */,
				B8ABDD531A690991004AA17E /* Release */,
			);
			defaultConfigurationIsVisible = 0;
		};
/* End XCConfigurationList section */
	};
	rootObject = B8ABDD231A690991004AA17E /* Project object */;
}
